
Microsoft Visual Studio Solution File, Format Version 12.00
# Visual Studio Version 17
VisualStudioVersion = 17.10.35122.118
MinimumVisualStudioVersion = 10.0.40219.1
Project("{FAE04EC0-301F-11D3-BF4B-00C04F79EFBC}") = "SignalR", "SignalR\SignalR.csproj", "{D208C3F2-968B-4E21-9273-08FD71C9E27C}"
EndProject
Project("{FAE04EC0-301F-11D3-BF4B-00C04F79EFBC}") = "SignalRP2", "SignalRP2\SignalRP2.csproj", "{6A1BADA3-F751-4ACF-A0DF-9D1C6FFF3B4C}"
EndProject
Global
	GlobalSection(SolutionConfigurationPlatforms) = preSolution
		Debug|Any CPU = Debug|Any CPU
		Release|Any CPU = Release|Any CPU
	EndGlobalSection
	GlobalSection(ProjectConfigurationPlatforms) = postSolution
		{D208C3F2-968B-4E21-9273-08FD71C9E27C}.Debug|Any CPU.ActiveCfg = Debug|Any CPU
		{D208C3F2-968B-4E21-9273-08FD71C9E27C}.Debug|Any CPU.Build.0 = Debug|Any CPU
		{D208C3F2-968B-4E21-9273-08FD71C9E27C}.Release|Any CPU.ActiveCfg = Release|Any CPU
		{D208C3F2-968B-4E21-9273-08FD71C9E27C}.Release|Any CPU.Build.0 = Release|Any CPU
		{6A1BADA3-F751-4ACF-A0DF-9D1C6FFF3B4C}.Debug|Any CPU.ActiveCfg = Debug|Any CPU
		{6A1BADA3-F751-4ACF-A0DF-9D1C6FFF3B4C}.Debug|Any CPU.Build.0 = Debug|Any CPU
		{6A1BADA3-F751-4ACF-A0DF-9D1C6FFF3B4C}.Release|Any CPU.ActiveCfg = Release|Any CPU
		{6A1BADA3-F751-4ACF-A0DF-9D1C6FFF3B4C}.Release|Any CPU.Build.0 = Release|Any CPU
	EndGlobalSection
	GlobalSection(SolutionProperties) = preSolution
		HideSolutionNode = FALSE
	EndGlobalSection
	GlobalSection(ExtensibilityGlobals) = postSolution
		SolutionGuid = {76D8FB39-9A6D-4EC5-927C-436A836ADDEA}
	EndGlobalSection
EndGlobal
